
Microsoft Visual Studio Solution File, Format Version 12.00
# Visual Studio Version 17
VisualStudioVersion = 17.0.32112.339
MinimumVisualStudioVersion = 10.0.40219.1
Project("{9A19103F-16F7-4668-BE54-9A1E7A4F7556}") = "CookerRTUTest", "CookerRTUTest.csproj", "{7BA3C0D5-8250-4D13-B3D8-A6F87B522238}"
EndProject
Global
	GlobalSection(SolutionConfigurationPlatforms) = preSolution
		Debug|Any CPU = Debug|Any CPU
		Release|Any CPU = Release|Any CPU
	EndGlobalSection
	GlobalSection(ProjectConfigurationPlatforms) = postSolution
		{7BA3C0D5-8250-4D13-B3D8-A6F87B522238}.Debug|Any CPU.ActiveCfg = Debug|Any CPU
		{7BA3C0D5-8250-4D13-B3D8-A6F87B522238}.Debug|Any CPU.Build.0 = Debug|Any CPU
		{7BA3C0D5-8250-4D13-B3D8-A6F87B522238}.Release|Any CPU.ActiveCfg = Release|Any CPU
		{7BA3C0D5-8250-4D13-B3D8-A6F87B522238}.Release|Any CPU.Build.0 = Release|Any CPU
	EndGlobalSection
	GlobalSection(SolutionProperties) = preSolution
		HideSolutionNode = FALSE
	EndGlobalSection
	GlobalSection(ExtensibilityGlobals) = postSolution
		SolutionGuid = {2CFCF67F-CCC5-4E2D-874A-A4E618A2C1F9}
	EndGlobalSection
EndGlobal
